[[package]]
name = "day5"
version = "0.1.0"
dependencies = [
 "num_cpus 1.9.0 (registry+https://github.com/rust-lang/crates.io-index)",
]

[[package]]
name = "libc"
version = "0.2.45"
source = "registry+https://github.com/rust-lang/crates.io-index"

[[package]]
name = "num_cpus"
version = "1.9.0"
source = "registry+https://github.com/rust-lang/crates.io-index"
dependencies = [
 "libc 0.2.45 (registry+https://github.com/rust-lang/crates.io-index)",
]

[metadata]
"checksum libc 0.2.45 (registry+https://github.com/rust-lang/crates.io-index)" = "2d2857ec59fadc0773853c664d2d18e7198e83883e7060b63c924cb077bd5c74"
"checksum num_cpus 1.9.0 (registry+https://github.com/rust-lang/crates.io-index)" = "5a69d464bdc213aaaff628444e99578ede64e9c854025aa43b9796530afa9238"
